
Microsoft Visual Studio Solution File, Format Version 12.00
# Visual Studio 15
VisualStudioVersion = 15.0.28307.539
MinimumVisualStudioVersion = 10.0.40219.1
Project("{2150E333-8FDC-42A3-9474-1A3956D46DE8}") = "Unit Tests", "Unit Tests", "{7F9FA5AA-9768-41DB-88A5-7FF2301EF0C3}"
EndProject
Project("{2150E333-8FDC-42A3-9474-1A3956D46DE8}") = ".ProjectIncludes", ".ProjectIncludes", "{02B10950-06F7-4D78-8F32-9B5DBB2D6AD9}"
EndProject
Project("{9A19103F-16F7-4668-BE54-9A1E7A4F7556}") = "Final.Common.UnitTest", "UnitTests\Common.UnitTest\Final.Common.UnitTest.csproj", "{D4690129-2102-4FDB-B628-A4F4E2BF4916}"
EndProject
Project("{FAE04EC0-301F-11D3-BF4B-00C04F79EFBC}") = "Final.Agent", "Agent\Final.Agent.csproj", "{44E86552-3780-467B-A08F-72BAF80E0AA8}"
EndProject
Global
	GlobalSection(SolutionConfigurationPlatforms) = preSolution
		CI|Any CPU = CI|Any CPU
		Debug|Any CPU = Debug|Any CPU
		Release|Any CPU = Release|Any CPU
	EndGlobalSection
	GlobalSection(ProjectConfigurationPlatforms) = postSolution
		{D4690129-2102-4FDB-B628-A4F4E2BF4916}.CI|Any CPU.ActiveCfg = CI|Any CPU
		{D4690129-2102-4FDB-B628-A4F4E2BF4916}.CI|Any CPU.Build.0 = CI|Any CPU
		{D4690129-2102-4FDB-B628-A4F4E2BF4916}.Debug|Any CPU.ActiveCfg = Debug|Any CPU
		{D4690129-2102-4FDB-B628-A4F4E2BF4916}.Debug|Any CPU.Build.0 = Debug|Any CPU
		{D4690129-2102-4FDB-B628-A4F4E2BF4916}.Release|Any CPU.ActiveCfg = Release|Any CPU
		{D4690129-2102-4FDB-B628-A4F4E2BF4916}.Release|Any CPU.Build.0 = Release|Any CPU
		{44E86552-3780-467B-A08F-72BAF80E0AA8}.CI|Any CPU.ActiveCfg = Debug|Any CPU
		{44E86552-3780-467B-A08F-72BAF80E0AA8}.CI|Any CPU.Build.0 = Debug|Any CPU
		{44E86552-3780-467B-A08F-72BAF80E0AA8}.Debug|Any CPU.ActiveCfg = Debug|Any CPU
		{44E86552-3780-467B-A08F-72BAF80E0AA8}.Debug|Any CPU.Build.0 = Debug|Any CPU
		{44E86552-3780-467B-A08F-72BAF80E0AA8}.Release|Any CPU.ActiveCfg = Release|Any CPU
		{44E86552-3780-467B-A08F-72BAF80E0AA8}.Release|Any CPU.Build.0 = Release|Any CPU
	EndGlobalSection
	GlobalSection(SolutionProperties) = preSolution
		HideSolutionNode = FALSE
	EndGlobalSection
	GlobalSection(NestedProjects) = preSolution
		{D4690129-2102-4FDB-B628-A4F4E2BF4916} = {7F9FA5AA-9768-41DB-88A5-7FF2301EF0C3}
	EndGlobalSection
	GlobalSection(ExtensibilityGlobals) = postSolution
		SolutionGuid = {3F3B684D-0C4B-4963-9C54-BDE996BD0A44}
	EndGlobalSection
EndGlobal
